
Microsoft Visual Studio Solution File, Format Version 12.00
# Visual Studio 15
VisualStudioVersion = 15.0.27703.2018
MinimumVisualStudioVersion = 10.0.40219.1
Project("{FAE04EC0-301F-11D3-BF4B-00C04F79EFBC}") = "Motivate_jQuery", "Motivate_jQuery\Motivate_jQuery.csproj", "{D834F072-6412-4856-9C40-F21149A0294D}"
EndProject
Project("{FAE04EC0-301F-11D3-BF4B-00C04F79EFBC}") = "DbConn", "DbConn\DbConn.csproj", "{0C7808CE-4C36-43E1-9FEE-0C5DA4DCEE38}"
EndProject
Global
	GlobalSection(SolutionConfigurationPlatforms) = preSolution
		Debug|Any CPU = Debug|Any CPU
		Release|Any CPU = Release|Any CPU
	EndGlobalSection
	GlobalSection(ProjectConfigurationPlatforms) = postSolution
		{D834F072-6412-4856-9C40-F21149A0294D}.Debug|Any CPU.ActiveCfg = Debug|Any CPU
		{D834F072-6412-4856-9C40-F21149A0294D}.Debug|Any CPU.Build.0 = Debug|Any CPU
		{D834F072-6412-4856-9C40-F21149A0294D}.Release|Any CPU.ActiveCfg = Release|Any CPU
		{D834F072-6412-4856-9C40-F21149A0294D}.Release|Any CPU.Build.0 = Release|Any CPU
		{0C7808CE-4C36-43E1-9FEE-0C5DA4DCEE38}.Debug|Any CPU.ActiveCfg = Debug|Any CPU
		{0C7808CE-4C36-43E1-9FEE-0C5DA4DCEE38}.Debug|Any CPU.Build.0 = Debug|Any CPU
		{0C7808CE-4C36-43E1-9FEE-0C5DA4DCEE38}.Release|Any CPU.ActiveCfg = Release|Any CPU
		{0C7808CE-4C36-43E1-9FEE-0C5DA4DCEE38}.Release|Any CPU.Build.0 = Release|Any CPU
	EndGlobalSection
	GlobalSection(SolutionProperties) = preSolution
		HideSolutionNode = FALSE
	EndGlobalSection
	GlobalSection(ExtensibilityGlobals) = postSolution
		SolutionGuid = {620DBF60-7305-4515-9846-6BFBA0210F54}
	EndGlobalSection
EndGlobal
